
Microsoft Visual Studio Solution File, Format Version 12.00
# Visual Studio Version 17
VisualStudioVersion = 17.9.34728.123
MinimumVisualStudioVersion = 10.0.40219.1
Project("{FAE04EC0-301F-11D3-BF4B-00C04F79EFBC}") = "APIGateway", "APIGateway\APIGateway.csproj", "{F03BF720-8FCF-45C8-936B-48542E12DA46}"
EndProject
Project("{2150E333-8FDC-42A3-9474-1A3956D46DE8}") = "Services", "Services", "{8138CEB8-F6DD-45AB-99AE-51235BB324E8}"
EndProject
Project("{FAE04EC0-301F-11D3-BF4B-00C04F79EFBC}") = "ContactAPI", "Services\ContactAPI\ContactAPI.csproj", "{5A8F9AE9-F741-464E-BCA5-074628AFA03B}"
EndProject
Project("{FAE04EC0-301F-11D3-BF4B-00C04F79EFBC}") = "ReservationAPI", "Services\ReservationAPI\ReservationAPI.csproj", "{C992D951-CEA3-4175-8994-A2B54F810C36}"
EndProject
Global
	GlobalSection(SolutionConfigurationPlatforms) = preSolution
		Debug|Any CPU = Debug|Any CPU
		Release|Any CPU = Release|Any CPU
	EndGlobalSection
	GlobalSection(ProjectConfigurationPlatforms) = postSolution
		{F03BF720-8FCF-45C8-936B-48542E12DA46}.Debug|Any CPU.ActiveCfg = Debug|Any CPU
		{F03BF720-8FCF-45C8-936B-48542E12DA46}.Debug|Any CPU.Build.0 = Debug|Any CPU
		{F03BF720-8FCF-45C8-936B-48542E12DA46}.Release|Any CPU.ActiveCfg = Release|Any CPU
		{F03BF720-8FCF-45C8-936B-48542E12DA46}.Release|Any CPU.Build.0 = Release|Any CPU
		{5A8F9AE9-F741-464E-BCA5-074628AFA03B}.Debug|Any CPU.ActiveCfg = Debug|Any CPU
		{5A8F9AE9-F741-464E-BCA5-074628AFA03B}.Debug|Any CPU.Build.0 = Debug|Any CPU
		{5A8F9AE9-F741-464E-BCA5-074628AFA03B}.Release|Any CPU.ActiveCfg = Release|Any CPU
		{5A8F9AE9-F741-464E-BCA5-074628AFA03B}.Release|Any CPU.Build.0 = Release|Any CPU
		{C992D951-CEA3-4175-8994-A2B54F810C36}.Debug|Any CPU.ActiveCfg = Debug|Any CPU
		{C992D951-CEA3-4175-8994-A2B54F810C36}.Debug|Any CPU.Build.0 = Debug|Any CPU
		{C992D951-CEA3-4175-8994-A2B54F810C36}.Release|Any CPU.ActiveCfg = Release|Any CPU
		{C992D951-CEA3-4175-8994-A2B54F810C36}.Release|Any CPU.Build.0 = Release|Any CPU
	EndGlobalSection
	GlobalSection(SolutionProperties) = preSolution
		HideSolutionNode = FALSE
	EndGlobalSection
	GlobalSection(NestedProjects) = preSolution
		{5A8F9AE9-F741-464E-BCA5-074628AFA03B} = {8138CEB8-F6DD-45AB-99AE-51235BB324E8}
		{C992D951-CEA3-4175-8994-A2B54F810C36} = {8138CEB8-F6DD-45AB-99AE-51235BB324E8}
	EndGlobalSection
	GlobalSection(ExtensibilityGlobals) = postSolution
		SolutionGuid = {644C3BE7-4B1C-457B-B24A-DA4CDE4F91C5}
	EndGlobalSection
EndGlobal
