
Microsoft Visual Studio Solution File, Format Version 12.00
# Visual Studio Version 17
VisualStudioVersion = 17.9.34728.123
MinimumVisualStudioVersion = 10.0.40219.1
Project("{9A19103F-16F7-4668-BE54-9A1E7A4F7556}") = "APIGateway", "APIGateway\APIGateway.csproj", "{F03BF720-8FCF-45C8-936B-48542E12DA46}"
EndProject
Project("{2150E333-8FDC-42A3-9474-1A3956D46DE8}") = "Services", "Services", "{8138CEB8-F6DD-45AB-99AE-51235BB324E8}"
EndProject
Project("{9A19103F-16F7-4668-BE54-9A1E7A4F7556}") = "Contact.API", "Services\Contact\Contact.API\Contact.API.csproj", "{4CE8CB64-A4C4-47C9-82D6-0B16F2115301}"
EndProject
Project("{9A19103F-16F7-4668-BE54-9A1E7A4F7556}") = "Reservation.API", "Services\Reservation\Reservation.API\Reservation.API.csproj", "{C3709FFE-BCB7-49EB-9450-7EB4F3D23151}"
EndProject
Project("{2150E333-8FDC-42A3-9474-1A3956D46DE8}") = "Contact", "Contact", "{C6C353CF-154E-4B2E-9DBD-517309AFE8A1}"
EndProject
Project("{2150E333-8FDC-42A3-9474-1A3956D46DE8}") = "Reservation", "Reservation", "{7BCEC81E-CD1E-4C00-95DB-929865DA75C5}"
EndProject
Project("{9A19103F-16F7-4668-BE54-9A1E7A4F7556}") = "Contact.API.Models", "Services\Contact\Contact.API.Models\Contact.API.Models.csproj", "{DD6C0319-4F69-405F-91F7-E079C8546A68}"
EndProject
Project("{9A19103F-16F7-4668-BE54-9A1E7A4F7556}") = "Contact.API.Infrastructure", "Services\Contact\Contact.API.Infrastructure\Contact.API.Infrastructure.csproj", "{B12B420D-AF07-423F-B989-FA2F887AD28F}"
EndProject
Project("{9A19103F-16F7-4668-BE54-9A1E7A4F7556}") = "Contact.API.Services", "Contact.API.Services\Contact.API.Services.csproj", "{C4EA1119-C0A9-4515-9AD1-16ECE0E2B848}"
EndProject
Project("{FAE04EC0-301F-11D3-BF4B-00C04F79EFBC}") = "Reservation.API.Models", "Services\Reservation\Reservation.API.Models\Reservation.API.Models.csproj", "{9FB23CAE-4B9A-422D-9D8F-316F000BE79B}"
EndProject
Project("{FAE04EC0-301F-11D3-BF4B-00C04F79EFBC}") = "Reservation.API.Infrastructure", "Reservation.API.Infrastructure\Reservation.API.Infrastructure.csproj", "{293159A7-78BA-423B-91BF-0A708A922F30}"
EndProject
Project("{FAE04EC0-301F-11D3-BF4B-00C04F79EFBC}") = "Reservation.API.Services", "Reservation.API.Services\Reservation.API.Services.csproj", "{6BEE5E35-E2D8-46BB-BC3C-5CA9D57B598F}"
EndProject
Global
	GlobalSection(SolutionConfigurationPlatforms) = preSolution
		Debug|Any CPU = Debug|Any CPU
		Release|Any CPU = Release|Any CPU
	EndGlobalSection
	GlobalSection(ProjectConfigurationPlatforms) = postSolution
		{F03BF720-8FCF-45C8-936B-48542E12DA46}.Debug|Any CPU.ActiveCfg = Debug|Any CPU
		{F03BF720-8FCF-45C8-936B-48542E12DA46}.Debug|Any CPU.Build.0 = Debug|Any CPU
		{F03BF720-8FCF-45C8-936B-48542E12DA46}.Release|Any CPU.ActiveCfg = Release|Any CPU
		{F03BF720-8FCF-45C8-936B-48542E12DA46}.Release|Any CPU.Build.0 = Release|Any CPU
		{4CE8CB64-A4C4-47C9-82D6-0B16F2115301}.Debug|Any CPU.ActiveCfg = Debug|Any CPU
		{4CE8CB64-A4C4-47C9-82D6-0B16F2115301}.Debug|Any CPU.Build.0 = Debug|Any CPU
		{4CE8CB64-A4C4-47C9-82D6-0B16F2115301}.Release|Any CPU.ActiveCfg = Release|Any CPU
		{4CE8CB64-A4C4-47C9-82D6-0B16F2115301}.Release|Any CPU.Build.0 = Release|Any CPU
		{C3709FFE-BCB7-49EB-9450-7EB4F3D23151}.Debug|Any CPU.ActiveCfg = Debug|Any CPU
		{C3709FFE-BCB7-49EB-9450-7EB4F3D23151}.Debug|Any CPU.Build.0 = Debug|Any CPU
		{C3709FFE-BCB7-49EB-9450-7EB4F3D23151}.Release|Any CPU.ActiveCfg = Release|Any CPU
		{C3709FFE-BCB7-49EB-9450-7EB4F3D23151}.Release|Any CPU.Build.0 = Release|Any CPU
		{DD6C0319-4F69-405F-91F7-E079C8546A68}.Debug|Any CPU.ActiveCfg = Debug|Any CPU
		{DD6C0319-4F69-405F-91F7-E079C8546A68}.Debug|Any CPU.Build.0 = Debug|Any CPU
		{DD6C0319-4F69-405F-91F7-E079C8546A68}.Release|Any CPU.ActiveCfg = Release|Any CPU
		{DD6C0319-4F69-405F-91F7-E079C8546A68}.Release|Any CPU.Build.0 = Release|Any CPU
		{B12B420D-AF07-423F-B989-FA2F887AD28F}.Debug|Any CPU.ActiveCfg = Debug|Any CPU
		{B12B420D-AF07-423F-B989-FA2F887AD28F}.Debug|Any CPU.Build.0 = Debug|Any CPU
		{B12B420D-AF07-423F-B989-FA2F887AD28F}.Release|Any CPU.ActiveCfg = Release|Any CPU
		{B12B420D-AF07-423F-B989-FA2F887AD28F}.Release|Any CPU.Build.0 = Release|Any CPU
		{C4EA1119-C0A9-4515-9AD1-16ECE0E2B848}.Debug|Any CPU.ActiveCfg = Debug|Any CPU
		{C4EA1119-C0A9-4515-9AD1-16ECE0E2B848}.Debug|Any CPU.Build.0 = Debug|Any CPU
		{C4EA1119-C0A9-4515-9AD1-16ECE0E2B848}.Release|Any CPU.ActiveCfg = Release|Any CPU
		{C4EA1119-C0A9-4515-9AD1-16ECE0E2B848}.Release|Any CPU.Build.0 = Release|Any CPU
		{9FB23CAE-4B9A-422D-9D8F-316F000BE79B}.Debug|Any CPU.ActiveCfg = Debug|Any CPU
		{9FB23CAE-4B9A-422D-9D8F-316F000BE79B}.Debug|Any CPU.Build.0 = Debug|Any CPU
		{9FB23CAE-4B9A-422D-9D8F-316F000BE79B}.Release|Any CPU.ActiveCfg = Release|Any CPU
		{9FB23CAE-4B9A-422D-9D8F-316F000BE79B}.Release|Any CPU.Build.0 = Release|Any CPU
		{293159A7-78BA-423B-91BF-0A708A922F30}.Debug|Any CPU.ActiveCfg = Debug|Any CPU
		{293159A7-78BA-423B-91BF-0A708A922F30}.Debug|Any CPU.Build.0 = Debug|Any CPU
		{293159A7-78BA-423B-91BF-0A708A922F30}.Release|Any CPU.ActiveCfg = Release|Any CPU
		{293159A7-78BA-423B-91BF-0A708A922F30}.Release|Any CPU.Build.0 = Release|Any CPU
		{6BEE5E35-E2D8-46BB-BC3C-5CA9D57B598F}.Debug|Any CPU.ActiveCfg = Debug|Any CPU
		{6BEE5E35-E2D8-46BB-BC3C-5CA9D57B598F}.Debug|Any CPU.Build.0 = Debug|Any CPU
		{6BEE5E35-E2D8-46BB-BC3C-5CA9D57B598F}.Release|Any CPU.ActiveCfg = Release|Any CPU
		{6BEE5E35-E2D8-46BB-BC3C-5CA9D57B598F}.Release|Any CPU.Build.0 = Release|Any CPU
	EndGlobalSection
	GlobalSection(SolutionProperties) = preSolution
		HideSolutionNode = FALSE
	EndGlobalSection
	GlobalSection(NestedProjects) = preSolution
		{4CE8CB64-A4C4-47C9-82D6-0B16F2115301} = {C6C353CF-154E-4B2E-9DBD-517309AFE8A1}
		{C3709FFE-BCB7-49EB-9450-7EB4F3D23151} = {7BCEC81E-CD1E-4C00-95DB-929865DA75C5}
		{C6C353CF-154E-4B2E-9DBD-517309AFE8A1} = {8138CEB8-F6DD-45AB-99AE-51235BB324E8}
		{7BCEC81E-CD1E-4C00-95DB-929865DA75C5} = {8138CEB8-F6DD-45AB-99AE-51235BB324E8}
		{DD6C0319-4F69-405F-91F7-E079C8546A68} = {C6C353CF-154E-4B2E-9DBD-517309AFE8A1}
		{B12B420D-AF07-423F-B989-FA2F887AD28F} = {C6C353CF-154E-4B2E-9DBD-517309AFE8A1}
		{C4EA1119-C0A9-4515-9AD1-16ECE0E2B848} = {C6C353CF-154E-4B2E-9DBD-517309AFE8A1}
		{9FB23CAE-4B9A-422D-9D8F-316F000BE79B} = {7BCEC81E-CD1E-4C00-95DB-929865DA75C5}
		{293159A7-78BA-423B-91BF-0A708A922F30} = {7BCEC81E-CD1E-4C00-95DB-929865DA75C5}
		{6BEE5E35-E2D8-46BB-BC3C-5CA9D57B598F} = {7BCEC81E-CD1E-4C00-95DB-929865DA75C5}
	EndGlobalSection
	GlobalSection(ExtensibilityGlobals) = postSolution
		SolutionGuid = {644C3BE7-4B1C-457B-B24A-DA4CDE4F91C5}
	EndGlobalSection
EndGlobal
